
Microsoft Visual Studio Solution File, Format Version 12.00
# Visual Studio Version 16
VisualStudioVersion = 16.0.29326.143
MinimumVisualStudioVersion = 10.0.40219.1
Project("{9A19103F-16F7-4668-BE54-9A1E7A4F7556}") = "RPNRadio.Core", "RPNRadio.Core\RPNRadio.Core.csproj", "{A57BA123-4273-4351-811A-7145015E2CB0}"
EndProject
Project("{FAE04EC0-301F-11D3-BF4B-00C04F79EFBC}") = "RPNRadio.UI.Android", "RPNRadio.UI\RPNRadio.UI.Android\RPNRadio.UI.Android.csproj", "{4082750F-ECC2-48FA-8D3B-17282C3561F1}"
EndProject
Project("{FAE04EC0-301F-11D3-BF4B-00C04F79EFBC}") = "RPNRadio.UI", "RPNRadio.UI\RPNRadio.UI\RPNRadio.UI.csproj", "{3B1AEF28-3088-442F-B26D-9501FD28ED4F}"
EndProject
Global
	GlobalSection(SolutionConfigurationPlatforms) = preSolution
		Debug|Any CPU = Debug|Any CPU
		Debug|ARM = Debug|ARM
		Debug|ARM64 = Debug|ARM64
		Debug|x64 = Debug|x64
		Debug|x86 = Debug|x86
		Release|Any CPU = Release|Any CPU
		Release|ARM = Release|ARM
		Release|ARM64 = Release|ARM64
		Release|x64 = Release|x64
		Release|x86 = Release|x86
	EndGlobalSection
	GlobalSection(ProjectConfigurationPlatforms) = postSolution
		{A57BA123-4273-4351-811A-7145015E2CB0}.Debug|Any CPU.ActiveCfg = Debug|Any CPU
		{A57BA123-4273-4351-811A-7145015E2CB0}.Debug|Any CPU.Build.0 = Debug|Any CPU
		{A57BA123-4273-4351-811A-7145015E2CB0}.Debug|ARM.ActiveCfg = Debug|Any CPU
		{A57BA123-4273-4351-811A-7145015E2CB0}.Debug|ARM.Build.0 = Debug|Any CPU
		{A57BA123-4273-4351-811A-7145015E2CB0}.Debug|ARM64.ActiveCfg = Debug|Any CPU
		{A57BA123-4273-4351-811A-7145015E2CB0}.Debug|ARM64.Build.0 = Debug|Any CPU
		{A57BA123-4273-4351-811A-7145015E2CB0}.Debug|x64.ActiveCfg = Debug|Any CPU
		{A57BA123-4273-4351-811A-7145015E2CB0}.Debug|x64.Build.0 = Debug|Any CPU
		{A57BA123-4273-4351-811A-7145015E2CB0}.Debug|x86.ActiveCfg = Debug|Any CPU
		{A57BA123-4273-4351-811A-7145015E2CB0}.Debug|x86.Build.0 = Debug|Any CPU
		{A57BA123-4273-4351-811A-7145015E2CB0}.Release|Any CPU.ActiveCfg = Release|Any CPU
		{A57BA123-4273-4351-811A-7145015E2CB0}.Release|Any CPU.Build.0 = Release|Any CPU
		{A57BA123-4273-4351-811A-7145015E2CB0}.Release|ARM.ActiveCfg = Release|Any CPU
		{A57BA123-4273-4351-811A-7145015E2CB0}.Release|ARM.Build.0 = Release|Any CPU
		{A57BA123-4273-4351-811A-7145015E2CB0}.Release|ARM64.ActiveCfg = Release|Any CPU
		{A57BA123-4273-4351-811A-7145015E2CB0}.Release|ARM64.Build.0 = Release|Any CPU
		{A57BA123-4273-4351-811A-7145015E2CB0}.Release|x64.ActiveCfg = Release|Any CPU
		{A57BA123-4273-4351-811A-7145015E2CB0}.Release|x64.Build.0 = Release|Any CPU
		{A57BA123-4273-4351-811A-7145015E2CB0}.Release|x86.ActiveCfg = Release|Any CPU
		{A57BA123-4273-4351-811A-7145015E2CB0}.Release|x86.Build.0 = Release|Any CPU
		{4082750F-ECC2-48FA-8D3B-17282C3561F1}.Debug|Any CPU.ActiveCfg = Debug|Any CPU
		{4082750F-ECC2-48FA-8D3B-17282C3561F1}.Debug|Any CPU.Build.0 = Debug|Any CPU
		{4082750F-ECC2-48FA-8D3B-17282C3561F1}.Debug|Any CPU.Deploy.0 = Debug|Any CPU
		{4082750F-ECC2-48FA-8D3B-17282C3561F1}.Debug|ARM.ActiveCfg = Debug|Any CPU
		{4082750F-ECC2-48FA-8D3B-17282C3561F1}.Debug|ARM.Build.0 = Debug|Any CPU
		{4082750F-ECC2-48FA-8D3B-17282C3561F1}.Debug|ARM.Deploy.0 = Debug|Any CPU
		{4082750F-ECC2-48FA-8D3B-17282C3561F1}.Debug|ARM64.ActiveCfg = Debug|Any CPU
		{4082750F-ECC2-48FA-8D3B-17282C3561F1}.Debug|ARM64.Build.0 = Debug|Any CPU
		{4082750F-ECC2-48FA-8D3B-17282C3561F1}.Debug|ARM64.Deploy.0 = Debug|Any CPU
		{4082750F-ECC2-48FA-8D3B-17282C3561F1}.Debug|x64.ActiveCfg = Debug|Any CPU
		{4082750F-ECC2-48FA-8D3B-17282C3561F1}.Debug|x64.Build.0 = Debug|Any CPU
		{4082750F-ECC2-48FA-8D3B-17282C3561F1}.Debug|x64.Deploy.0 = Debug|Any CPU
		{4082750F-ECC2-48FA-8D3B-17282C3561F1}.Debug|x86.ActiveCfg = Debug|Any CPU
		{4082750F-ECC2-48FA-8D3B-17282C3561F1}.Debug|x86.Build.0 = Debug|Any CPU
		{4082750F-ECC2-48FA-8D3B-17282C3561F1}.Debug|x86.Deploy.0 = Debug|Any CPU
		{4082750F-ECC2-48FA-8D3B-17282C3561F1}.Release|Any CPU.ActiveCfg = Release|Any CPU
		{4082750F-ECC2-48FA-8D3B-17282C3561F1}.Release|Any CPU.Build.0 = Release|Any CPU
		{4082750F-ECC2-48FA-8D3B-17282C3561F1}.Release|Any CPU.Deploy.0 = Release|Any CPU
		{4082750F-ECC2-48FA-8D3B-17282C3561F1}.Release|ARM.ActiveCfg = Release|Any CPU
		{4082750F-ECC2-48FA-8D3B-17282C3561F1}.Release|ARM.Build.0 = Release|Any CPU
		{4082750F-ECC2-48FA-8D3B-17282C3561F1}.Release|ARM.Deploy.0 = Release|Any CPU
		{4082750F-ECC2-48FA-8D3B-17282C3561F1}.Release|ARM64.ActiveCfg = Release|Any CPU
		{4082750F-ECC2-48FA-8D3B-17282C3561F1}.Release|ARM64.Build.0 = Release|Any CPU
		{4082750F-ECC2-48FA-8D3B-17282C3561F1}.Release|ARM64.Deploy.0 = Release|Any CPU
		{4082750F-ECC2-48FA-8D3B-17282C3561F1}.Release|x64.ActiveCfg = Release|Any CPU
		{4082750F-ECC2-48FA-8D3B-17282C3561F1}.Release|x64.Build.0 = Release|Any CPU
		{4082750F-ECC2-48FA-8D3B-17282C3561F1}.Release|x64.Deploy.0 = Release|Any CPU
		{4082750F-ECC2-48FA-8D3B-17282C3561F1}.Release|x86.ActiveCfg = Release|Any CPU
		{4082750F-ECC2-48FA-8D3B-17282C3561F1}.Release|x86.Build.0 = Release|Any CPU
		{4082750F-ECC2-48FA-8D3B-17282C3561F1}.Release|x86.Deploy.0 = Release|Any CPU
		{3B1AEF28-3088-442F-B26D-9501FD28ED4F}.Debug|Any CPU.ActiveCfg = Debug|Any CPU
		{3B1AEF28-3088-442F-B26D-9501FD28ED4F}.Debug|Any CPU.Build.0 = Debug|Any CPU
		{3B1AEF28-3088-442F-B26D-9501FD28ED4F}.Debug|ARM.ActiveCfg = Debug|Any CPU
		{3B1AEF28-3088-442F-B26D-9501FD28ED4F}.Debug|ARM.Build.0 = Debug|Any CPU
		{3B1AEF28-3088-442F-B26D-9501FD28ED4F}.Debug|ARM64.ActiveCfg = Debug|Any CPU
		{3B1AEF28-3088-442F-B26D-9501FD28ED4F}.Debug|ARM64.Build.0 = Debug|Any CPU
		{3B1AEF28-3088-442F-B26D-9501FD28ED4F}.Debug|x64.ActiveCfg = Debug|Any CPU
		{3B1AEF28-3088-442F-B26D-9501FD28ED4F}.Debug|x64.Build.0 = Debug|Any CPU
		{3B1AEF28-3088-442F-B26D-9501FD28ED4F}.Debug|x86.ActiveCfg = Debug|Any CPU
		{3B1AEF28-3088-442F-B26D-9501FD28ED4F}.Debug|x86.Build.0 = Debug|Any CPU
		{3B1AEF28-3088-442F-B26D-9501FD28ED4F}.Release|Any CPU.ActiveCfg = Release|Any CPU
		{3B1AEF28-3088-442F-B26D-9501FD28ED4F}.Release|Any CPU.Build.0 = Release|Any CPU
		{3B1AEF28-3088-442F-B26D-9501FD28ED4F}.Release|ARM.ActiveCfg = Release|Any CPU
		{3B1AEF28-3088-442F-B26D-9501FD28ED4F}.Release|ARM.Build.0 = Release|Any CPU
		{3B1AEF28-3088-442F-B26D-9501FD28ED4F}.Release|ARM64.ActiveCfg = Release|Any CPU
		{3B1AEF28-3088-442F-B26D-9501FD28ED4F}.Release|ARM64.Build.0 = Release|Any CPU
		{3B1AEF28-3088-442F-B26D-9501FD28ED4F}.Release|x64.ActiveCfg = Release|Any CPU
		{3B1AEF28-3088-442F-B26D-9501FD28ED4F}.Release|x64.Build.0 = Release|Any CPU
		{3B1AEF28-3088-442F-B26D-9501FD28ED4F}.Release|x86.ActiveCfg = Release|Any CPU
		{3B1AEF28-3088-442F-B26D-9501FD28ED4F}.Release|x86.Build.0 = Release|Any CPU
	EndGlobalSection
	GlobalSection(SolutionProperties) = preSolution
		HideSolutionNode = FALSE
	EndGlobalSection
	GlobalSection(ExtensibilityGlobals) = postSolution
		SolutionGuid = {B930313D-E970-428A-B986-EE2BD8C5FDA8}
	EndGlobalSection
EndGlobal
