
Microsoft Visual Studio Solution File, Format Version 12.00
# Visual Studio Version 16
VisualStudioVersion = 16.0.29326.143
MinimumVisualStudioVersion = 10.0.40219.1
Project("{FAE04EC0-301F-11D3-BF4B-00C04F79EFBC}") = "RPNRadio.Core", "RPNRadio.Core\RPNRadio.Core.csproj", "{71D5AD2F-D517-4FD4-858C-05D1A3E5BD75}"
EndProject
Global
	GlobalSection(SolutionConfigurationPlatforms) = preSolution
		Debug|Any CPU = Debug|Any CPU
		Release|Any CPU = Release|Any CPU
	EndGlobalSection
	GlobalSection(ProjectConfigurationPlatforms) = postSolution
		{71D5AD2F-D517-4FD4-858C-05D1A3E5BD75}.Debug|Any CPU.ActiveCfg = Debug|Any CPU
		{71D5AD2F-D517-4FD4-858C-05D1A3E5BD75}.Debug|Any CPU.Build.0 = Debug|Any CPU
		{71D5AD2F-D517-4FD4-858C-05D1A3E5BD75}.Release|Any CPU.ActiveCfg = Release|Any CPU
		{71D5AD2F-D517-4FD4-858C-05D1A3E5BD75}.Release|Any CPU.Build.0 = Release|Any CPU
	EndGlobalSection
	GlobalSection(SolutionProperties) = preSolution
		HideSolutionNode = FALSE
	EndGlobalSection
	GlobalSection(ExtensibilityGlobals) = postSolution
		SolutionGuid = {B930313D-E970-428A-B986-EE2BD8C5FDA8}
	EndGlobalSection
EndGlobal
