
Microsoft Visual Studio Solution File, Format Version 12.00
# Visual Studio Version 16
VisualStudioVersion = 16.0.29326.143
MinimumVisualStudioVersion = 10.0.40219.1
Project("{9A19103F-16F7-4668-BE54-9A1E7A4F7556}") = "RPNRadio.Core", "RPNRadio.Core\RPNRadio.Core.csproj", "{71D5AD2F-D517-4FD4-858C-05D1A3E5BD75}"
EndProject
Project("{FAE04EC0-301F-11D3-BF4B-00C04F79EFBC}") = "TipCalc.Forms.UWP", "TipCalc.Forms.UWP\TipCalc.Forms.UWP.csproj", "{97CEB396-5EEE-475B-9D73-CE8B33C872F7}"
EndProject
Project("{9A19103F-16F7-4668-BE54-9A1E7A4F7556}") = "TipCalc.Core", "TipCalc.Core\TipCalc.Core.csproj", "{0E21A725-7C7B-401E-8828-D31E7C46A3C3}"
EndProject
Project("{9A19103F-16F7-4668-BE54-9A1E7A4F7556}") = "TipCalc.Forms.UI", "TipCalc.Forms.UI\TipCalc.Forms.UI.csproj", "{C707C391-CBCD-495B-9635-55B44FB066D0}"
EndProject
Project("{FAE04EC0-301F-11D3-BF4B-00C04F79EFBC}") = "TipCalc.Forms.Android", "TipCalc.Forms.Android\TipCalc.Forms.Android.csproj", "{317CD168-30D8-4F5D-9C4E-C589422ADEAB}"
EndProject
Global
	GlobalSection(SolutionConfigurationPlatforms) = preSolution
		Debug|Any CPU = Debug|Any CPU
		Debug|ARM = Debug|ARM
		Debug|ARM64 = Debug|ARM64
		Debug|x64 = Debug|x64
		Debug|x86 = Debug|x86
		Release|Any CPU = Release|Any CPU
		Release|ARM = Release|ARM
		Release|ARM64 = Release|ARM64
		Release|x64 = Release|x64
		Release|x86 = Release|x86
	EndGlobalSection
	GlobalSection(ProjectConfigurationPlatforms) = postSolution
		{71D5AD2F-D517-4FD4-858C-05D1A3E5BD75}.Debug|Any CPU.ActiveCfg = Debug|Any CPU
		{71D5AD2F-D517-4FD4-858C-05D1A3E5BD75}.Debug|Any CPU.Build.0 = Debug|Any CPU
		{71D5AD2F-D517-4FD4-858C-05D1A3E5BD75}.Debug|ARM.ActiveCfg = Debug|Any CPU
		{71D5AD2F-D517-4FD4-858C-05D1A3E5BD75}.Debug|ARM.Build.0 = Debug|Any CPU
		{71D5AD2F-D517-4FD4-858C-05D1A3E5BD75}.Debug|ARM64.ActiveCfg = Debug|Any CPU
		{71D5AD2F-D517-4FD4-858C-05D1A3E5BD75}.Debug|ARM64.Build.0 = Debug|Any CPU
		{71D5AD2F-D517-4FD4-858C-05D1A3E5BD75}.Debug|x64.ActiveCfg = Debug|Any CPU
		{71D5AD2F-D517-4FD4-858C-05D1A3E5BD75}.Debug|x64.Build.0 = Debug|Any CPU
		{71D5AD2F-D517-4FD4-858C-05D1A3E5BD75}.Debug|x86.ActiveCfg = Debug|x86
		{71D5AD2F-D517-4FD4-858C-05D1A3E5BD75}.Release|Any CPU.ActiveCfg = Release|Any CPU
		{71D5AD2F-D517-4FD4-858C-05D1A3E5BD75}.Release|Any CPU.Build.0 = Release|Any CPU
		{71D5AD2F-D517-4FD4-858C-05D1A3E5BD75}.Release|ARM.ActiveCfg = Release|Any CPU
		{71D5AD2F-D517-4FD4-858C-05D1A3E5BD75}.Release|ARM.Build.0 = Release|Any CPU
		{71D5AD2F-D517-4FD4-858C-05D1A3E5BD75}.Release|ARM64.ActiveCfg = Release|Any CPU
		{71D5AD2F-D517-4FD4-858C-05D1A3E5BD75}.Release|ARM64.Build.0 = Release|Any CPU
		{71D5AD2F-D517-4FD4-858C-05D1A3E5BD75}.Release|x64.ActiveCfg = Release|Any CPU
		{71D5AD2F-D517-4FD4-858C-05D1A3E5BD75}.Release|x64.Build.0 = Release|Any CPU
		{71D5AD2F-D517-4FD4-858C-05D1A3E5BD75}.Release|x86.ActiveCfg = Release|Any CPU
		{71D5AD2F-D517-4FD4-858C-05D1A3E5BD75}.Release|x86.Build.0 = Release|Any CPU
		{97CEB396-5EEE-475B-9D73-CE8B33C872F7}.Debug|Any CPU.ActiveCfg = Debug|x86
		{97CEB396-5EEE-475B-9D73-CE8B33C872F7}.Debug|Any CPU.Build.0 = Debug|x86
		{97CEB396-5EEE-475B-9D73-CE8B33C872F7}.Debug|Any CPU.Deploy.0 = Debug|x86
		{97CEB396-5EEE-475B-9D73-CE8B33C872F7}.Debug|ARM.ActiveCfg = Debug|ARM
		{97CEB396-5EEE-475B-9D73-CE8B33C872F7}.Debug|ARM.Build.0 = Debug|ARM
		{97CEB396-5EEE-475B-9D73-CE8B33C872F7}.Debug|ARM.Deploy.0 = Debug|ARM
		{97CEB396-5EEE-475B-9D73-CE8B33C872F7}.Debug|ARM64.ActiveCfg = Debug|ARM64
		{97CEB396-5EEE-475B-9D73-CE8B33C872F7}.Debug|ARM64.Build.0 = Debug|ARM64
		{97CEB396-5EEE-475B-9D73-CE8B33C872F7}.Debug|ARM64.Deploy.0 = Debug|ARM64
		{97CEB396-5EEE-475B-9D73-CE8B33C872F7}.Debug|x64.ActiveCfg = Debug|x64
		{97CEB396-5EEE-475B-9D73-CE8B33C872F7}.Debug|x64.Build.0 = Debug|x64
		{97CEB396-5EEE-475B-9D73-CE8B33C872F7}.Debug|x64.Deploy.0 = Debug|x64
		{97CEB396-5EEE-475B-9D73-CE8B33C872F7}.Debug|x86.ActiveCfg = Debug|x86
		{97CEB396-5EEE-475B-9D73-CE8B33C872F7}.Debug|x86.Build.0 = Debug|x86
		{97CEB396-5EEE-475B-9D73-CE8B33C872F7}.Debug|x86.Deploy.0 = Debug|x86
		{97CEB396-5EEE-475B-9D73-CE8B33C872F7}.Release|Any CPU.ActiveCfg = Release|x86
		{97CEB396-5EEE-475B-9D73-CE8B33C872F7}.Release|ARM.ActiveCfg = Release|ARM
		{97CEB396-5EEE-475B-9D73-CE8B33C872F7}.Release|ARM.Build.0 = Release|ARM
		{97CEB396-5EEE-475B-9D73-CE8B33C872F7}.Release|ARM.Deploy.0 = Release|ARM
		{97CEB396-5EEE-475B-9D73-CE8B33C872F7}.Release|ARM64.ActiveCfg = Release|ARM64
		{97CEB396-5EEE-475B-9D73-CE8B33C872F7}.Release|ARM64.Build.0 = Release|ARM64
		{97CEB396-5EEE-475B-9D73-CE8B33C872F7}.Release|ARM64.Deploy.0 = Release|ARM64
		{97CEB396-5EEE-475B-9D73-CE8B33C872F7}.Release|x64.ActiveCfg = Release|x64
		{97CEB396-5EEE-475B-9D73-CE8B33C872F7}.Release|x64.Build.0 = Release|x64
		{97CEB396-5EEE-475B-9D73-CE8B33C872F7}.Release|x64.Deploy.0 = Release|x64
		{97CEB396-5EEE-475B-9D73-CE8B33C872F7}.Release|x86.ActiveCfg = Release|x86
		{97CEB396-5EEE-475B-9D73-CE8B33C872F7}.Release|x86.Build.0 = Release|x86
		{97CEB396-5EEE-475B-9D73-CE8B33C872F7}.Release|x86.Deploy.0 = Release|x86
		{0E21A725-7C7B-401E-8828-D31E7C46A3C3}.Debug|Any CPU.ActiveCfg = Debug|Any CPU
		{0E21A725-7C7B-401E-8828-D31E7C46A3C3}.Debug|Any CPU.Build.0 = Debug|Any CPU
		{0E21A725-7C7B-401E-8828-D31E7C46A3C3}.Debug|ARM.ActiveCfg = Debug|Any CPU
		{0E21A725-7C7B-401E-8828-D31E7C46A3C3}.Debug|ARM.Build.0 = Debug|Any CPU
		{0E21A725-7C7B-401E-8828-D31E7C46A3C3}.Debug|ARM64.ActiveCfg = Debug|Any CPU
		{0E21A725-7C7B-401E-8828-D31E7C46A3C3}.Debug|ARM64.Build.0 = Debug|Any CPU
		{0E21A725-7C7B-401E-8828-D31E7C46A3C3}.Debug|x64.ActiveCfg = Debug|Any CPU
		{0E21A725-7C7B-401E-8828-D31E7C46A3C3}.Debug|x64.Build.0 = Debug|Any CPU
		{0E21A725-7C7B-401E-8828-D31E7C46A3C3}.Debug|x86.ActiveCfg = Debug|Any CPU
		{0E21A725-7C7B-401E-8828-D31E7C46A3C3}.Debug|x86.Build.0 = Debug|Any CPU
		{0E21A725-7C7B-401E-8828-D31E7C46A3C3}.Release|Any CPU.ActiveCfg = Release|Any CPU
		{0E21A725-7C7B-401E-8828-D31E7C46A3C3}.Release|Any CPU.Build.0 = Release|Any CPU
		{0E21A725-7C7B-401E-8828-D31E7C46A3C3}.Release|ARM.ActiveCfg = Release|Any CPU
		{0E21A725-7C7B-401E-8828-D31E7C46A3C3}.Release|ARM.Build.0 = Release|Any CPU
		{0E21A725-7C7B-401E-8828-D31E7C46A3C3}.Release|ARM64.ActiveCfg = Release|Any CPU
		{0E21A725-7C7B-401E-8828-D31E7C46A3C3}.Release|ARM64.Build.0 = Release|Any CPU
		{0E21A725-7C7B-401E-8828-D31E7C46A3C3}.Release|x64.ActiveCfg = Release|Any CPU
		{0E21A725-7C7B-401E-8828-D31E7C46A3C3}.Release|x64.Build.0 = Release|Any CPU
		{0E21A725-7C7B-401E-8828-D31E7C46A3C3}.Release|x86.ActiveCfg = Release|Any CPU
		{0E21A725-7C7B-401E-8828-D31E7C46A3C3}.Release|x86.Build.0 = Release|Any CPU
		{C707C391-CBCD-495B-9635-55B44FB066D0}.Debug|Any CPU.ActiveCfg = Debug|Any CPU
		{C707C391-CBCD-495B-9635-55B44FB066D0}.Debug|Any CPU.Build.0 = Debug|Any CPU
		{C707C391-CBCD-495B-9635-55B44FB066D0}.Debug|ARM.ActiveCfg = Debug|Any CPU
		{C707C391-CBCD-495B-9635-55B44FB066D0}.Debug|ARM.Build.0 = Debug|Any CPU
		{C707C391-CBCD-495B-9635-55B44FB066D0}.Debug|ARM64.ActiveCfg = Debug|Any CPU
		{C707C391-CBCD-495B-9635-55B44FB066D0}.Debug|ARM64.Build.0 = Debug|Any CPU
		{C707C391-CBCD-495B-9635-55B44FB066D0}.Debug|x64.ActiveCfg = Debug|Any CPU
		{C707C391-CBCD-495B-9635-55B44FB066D0}.Debug|x64.Build.0 = Debug|Any CPU
		{C707C391-CBCD-495B-9635-55B44FB066D0}.Debug|x86.ActiveCfg = Debug|Any CPU
		{C707C391-CBCD-495B-9635-55B44FB066D0}.Debug|x86.Build.0 = Debug|Any CPU
		{C707C391-CBCD-495B-9635-55B44FB066D0}.Release|Any CPU.ActiveCfg = Release|Any CPU
		{C707C391-CBCD-495B-9635-55B44FB066D0}.Release|Any CPU.Build.0 = Release|Any CPU
		{C707C391-CBCD-495B-9635-55B44FB066D0}.Release|ARM.ActiveCfg = Release|Any CPU
		{C707C391-CBCD-495B-9635-55B44FB066D0}.Release|ARM.Build.0 = Release|Any CPU
		{C707C391-CBCD-495B-9635-55B44FB066D0}.Release|ARM64.ActiveCfg = Release|Any CPU
		{C707C391-CBCD-495B-9635-55B44FB066D0}.Release|ARM64.Build.0 = Release|Any CPU
		{C707C391-CBCD-495B-9635-55B44FB066D0}.Release|x64.ActiveCfg = Release|Any CPU
		{C707C391-CBCD-495B-9635-55B44FB066D0}.Release|x64.Build.0 = Release|Any CPU
		{C707C391-CBCD-495B-9635-55B44FB066D0}.Release|x86.ActiveCfg = Release|Any CPU
		{C707C391-CBCD-495B-9635-55B44FB066D0}.Release|x86.Build.0 = Release|Any CPU
		{317CD168-30D8-4F5D-9C4E-C589422ADEAB}.Debug|Any CPU.ActiveCfg = Debug|Any CPU
		{317CD168-30D8-4F5D-9C4E-C589422ADEAB}.Debug|Any CPU.Build.0 = Debug|Any CPU
		{317CD168-30D8-4F5D-9C4E-C589422ADEAB}.Debug|Any CPU.Deploy.0 = Debug|Any CPU
		{317CD168-30D8-4F5D-9C4E-C589422ADEAB}.Debug|ARM.ActiveCfg = Debug|Any CPU
		{317CD168-30D8-4F5D-9C4E-C589422ADEAB}.Debug|ARM.Build.0 = Debug|Any CPU
		{317CD168-30D8-4F5D-9C4E-C589422ADEAB}.Debug|ARM.Deploy.0 = Debug|Any CPU
		{317CD168-30D8-4F5D-9C4E-C589422ADEAB}.Debug|ARM64.ActiveCfg = Debug|Any CPU
		{317CD168-30D8-4F5D-9C4E-C589422ADEAB}.Debug|ARM64.Build.0 = Debug|Any CPU
		{317CD168-30D8-4F5D-9C4E-C589422ADEAB}.Debug|ARM64.Deploy.0 = Debug|Any CPU
		{317CD168-30D8-4F5D-9C4E-C589422ADEAB}.Debug|x64.ActiveCfg = Debug|Any CPU
		{317CD168-30D8-4F5D-9C4E-C589422ADEAB}.Debug|x64.Build.0 = Debug|Any CPU
		{317CD168-30D8-4F5D-9C4E-C589422ADEAB}.Debug|x64.Deploy.0 = Debug|Any CPU
		{317CD168-30D8-4F5D-9C4E-C589422ADEAB}.Debug|x86.ActiveCfg = Debug|Any CPU
		{317CD168-30D8-4F5D-9C4E-C589422ADEAB}.Debug|x86.Build.0 = Debug|Any CPU
		{317CD168-30D8-4F5D-9C4E-C589422ADEAB}.Debug|x86.Deploy.0 = Debug|Any CPU
		{317CD168-30D8-4F5D-9C4E-C589422ADEAB}.Release|Any CPU.ActiveCfg = Release|Any CPU
		{317CD168-30D8-4F5D-9C4E-C589422ADEAB}.Release|Any CPU.Build.0 = Release|Any CPU
		{317CD168-30D8-4F5D-9C4E-C589422ADEAB}.Release|Any CPU.Deploy.0 = Release|Any CPU
		{317CD168-30D8-4F5D-9C4E-C589422ADEAB}.Release|ARM.ActiveCfg = Release|Any CPU
		{317CD168-30D8-4F5D-9C4E-C589422ADEAB}.Release|ARM.Build.0 = Release|Any CPU
		{317CD168-30D8-4F5D-9C4E-C589422ADEAB}.Release|ARM.Deploy.0 = Release|Any CPU
		{317CD168-30D8-4F5D-9C4E-C589422ADEAB}.Release|ARM64.ActiveCfg = Release|Any CPU
		{317CD168-30D8-4F5D-9C4E-C589422ADEAB}.Release|ARM64.Build.0 = Release|Any CPU
		{317CD168-30D8-4F5D-9C4E-C589422ADEAB}.Release|ARM64.Deploy.0 = Release|Any CPU
		{317CD168-30D8-4F5D-9C4E-C589422ADEAB}.Release|x64.ActiveCfg = Release|Any CPU
		{317CD168-30D8-4F5D-9C4E-C589422ADEAB}.Release|x64.Build.0 = Release|Any CPU
		{317CD168-30D8-4F5D-9C4E-C589422ADEAB}.Release|x64.Deploy.0 = Release|Any CPU
		{317CD168-30D8-4F5D-9C4E-C589422ADEAB}.Release|x86.ActiveCfg = Release|Any CPU
		{317CD168-30D8-4F5D-9C4E-C589422ADEAB}.Release|x86.Build.0 = Release|Any CPU
		{317CD168-30D8-4F5D-9C4E-C589422ADEAB}.Release|x86.Deploy.0 = Release|Any CPU
	EndGlobalSection
	GlobalSection(SolutionProperties) = preSolution
		HideSolutionNode = FALSE
	EndGlobalSection
	GlobalSection(ExtensibilityGlobals) = postSolution
		SolutionGuid = {B930313D-E970-428A-B986-EE2BD8C5FDA8}
	EndGlobalSection
EndGlobal
